
Microsoft Visual Studio Solution File, Format Version 12.00
# Visual Studio Version 17
VisualStudioVersion = 17.9.34728.123
MinimumVisualStudioVersion = 10.0.40219.1
Project("{9A19103F-16F7-4668-BE54-9A1E7A4F7556}") = "NovelsCollector.Core", "NovelsCollector.Core\NovelsCollector.Core.csproj", "{92D460B1-FEE2-4EC7-88F5-D975993EE2DC}"
EndProject
Project("{9A19103F-16F7-4668-BE54-9A1E7A4F7556}") = "NovelsCollector.SDK", "NovelsCollector.SDK\NovelsCollector.SDK.csproj", "{B29AA953-987B-4ED5-BD3A-29F6FC61E591}"
EndProject
Project("{2150E333-8FDC-42A3-9474-1A3956D46DE8}") = "NovelsCollector.Plugins", "NovelsCollector.Plugins", "{B0CA3981-960E-4C9B-AFB0-7949AB9EA8BF}"
EndProject
Project("{2150E333-8FDC-42A3-9474-1A3956D46DE8}") = "Exporters", "Exporters", "{66E5C1DF-06CC-455B-9CBE-45433712E65A}"
EndProject
Project("{2150E333-8FDC-42A3-9474-1A3956D46DE8}") = "Sources", "Sources", "{87C5B516-F63E-44E9-803F-83FC5ABA28B2}"
EndProject
Project("{9A19103F-16F7-4668-BE54-9A1E7A4F7556}") = "Exporter.SimpleEPub", "NovelsCollector.Plugins\Exporters\Exporter.SimpleEPub\Exporter.SimpleEPub.csproj", "{06A0FF76-0531-4FBF-AB57-D9723C1339B6}"
EndProject
Project("{9A19103F-16F7-4668-BE54-9A1E7A4F7556}") = "Exporter.SimpleMobi", "NovelsCollector.Plugins\Exporters\Exporter.SimpleMobi\Exporter.SimpleMobi.csproj", "{3698D8CD-BB6B-4D7E-91BC-5276BBBDE3FE}"
EndProject
Project("{9A19103F-16F7-4668-BE54-9A1E7A4F7556}") = "Exporter.SimplePDF", "NovelsCollector.Plugins\Exporters\Exporter.SimplePDF\Exporter.SimplePDF.csproj", "{FE92DBC6-DE23-4A66-9FB4-18EF32B34A6E}"
EndProject
Project("{9A19103F-16F7-4668-BE54-9A1E7A4F7556}") = "Source.DTruyenCom", "NovelsCollector.Plugins\Sources\Source.DTruyenCom\Source.DTruyenCom.csproj", "{13CEC642-C1E7-40BA-8926-305A1B0A09C7}"
EndProject
Project("{9A19103F-16F7-4668-BE54-9A1E7A4F7556}") = "Source.SSTruyenVn", "NovelsCollector.Plugins\Sources\Source.SSTruyenVn\Source.SSTruyenVn.csproj", "{2FF14577-B157-47DE-B0A7-A618CADAD8CB}"
EndProject
Project("{9A19103F-16F7-4668-BE54-9A1E7A4F7556}") = "Source.TruyenFullVn", "NovelsCollector.Plugins\Sources\Source.TruyenFullVn\Source.TruyenFullVn.csproj", "{A8F19A8B-2128-46B9-B991-C79892D2E7C0}"
EndProject
Project("{9A19103F-16F7-4668-BE54-9A1E7A4F7556}") = "Source.TruyenTangThuVienVn", "NovelsCollector.Plugins\Sources\Source.TruyenTangThuVienVn\Source.TruyenTangThuVienVn.csproj", "{7C4C0F74-6149-4AB7-84B2-F6C18E7224D0}"
EndProject
Project("{FAE04EC0-301F-11D3-BF4B-00C04F79EFBC}") = "NovelsCollector.Domain", "NovelsCollector.Domain\NovelsCollector.Domain.csproj", "{67E9FCC7-39E8-477C-A776-978FFC0784BD}"
EndProject
Project("{FAE04EC0-301F-11D3-BF4B-00C04F79EFBC}") = "NovelsCollector.Aplication", "NovelsCollector.Aplication\NovelsCollector.Aplication.csproj", "{96310328-3216-49BF-B958-81BB123EECD0}"
EndProject
Global
	GlobalSection(SolutionConfigurationPlatforms) = preSolution
		Debug|Any CPU = Debug|Any CPU
		Release|Any CPU = Release|Any CPU
	EndGlobalSection
	GlobalSection(ProjectConfigurationPlatforms) = postSolution
		{92D460B1-FEE2-4EC7-88F5-D975993EE2DC}.Debug|Any CPU.ActiveCfg = Debug|Any CPU
		{92D460B1-FEE2-4EC7-88F5-D975993EE2DC}.Debug|Any CPU.Build.0 = Debug|Any CPU
		{92D460B1-FEE2-4EC7-88F5-D975993EE2DC}.Release|Any CPU.ActiveCfg = Release|Any CPU
		{92D460B1-FEE2-4EC7-88F5-D975993EE2DC}.Release|Any CPU.Build.0 = Release|Any CPU
		{B29AA953-987B-4ED5-BD3A-29F6FC61E591}.Debug|Any CPU.ActiveCfg = Debug|Any CPU
		{B29AA953-987B-4ED5-BD3A-29F6FC61E591}.Debug|Any CPU.Build.0 = Debug|Any CPU
		{B29AA953-987B-4ED5-BD3A-29F6FC61E591}.Release|Any CPU.ActiveCfg = Release|Any CPU
		{B29AA953-987B-4ED5-BD3A-29F6FC61E591}.Release|Any CPU.Build.0 = Release|Any CPU
		{06A0FF76-0531-4FBF-AB57-D9723C1339B6}.Debug|Any CPU.ActiveCfg = Debug|Any CPU
		{06A0FF76-0531-4FBF-AB57-D9723C1339B6}.Debug|Any CPU.Build.0 = Debug|Any CPU
		{06A0FF76-0531-4FBF-AB57-D9723C1339B6}.Release|Any CPU.ActiveCfg = Release|Any CPU
		{06A0FF76-0531-4FBF-AB57-D9723C1339B6}.Release|Any CPU.Build.0 = Release|Any CPU
		{3698D8CD-BB6B-4D7E-91BC-5276BBBDE3FE}.Debug|Any CPU.ActiveCfg = Debug|Any CPU
		{3698D8CD-BB6B-4D7E-91BC-5276BBBDE3FE}.Debug|Any CPU.Build.0 = Debug|Any CPU
		{3698D8CD-BB6B-4D7E-91BC-5276BBBDE3FE}.Release|Any CPU.ActiveCfg = Release|Any CPU
		{3698D8CD-BB6B-4D7E-91BC-5276BBBDE3FE}.Release|Any CPU.Build.0 = Release|Any CPU
		{FE92DBC6-DE23-4A66-9FB4-18EF32B34A6E}.Debug|Any CPU.ActiveCfg = Debug|Any CPU
		{FE92DBC6-DE23-4A66-9FB4-18EF32B34A6E}.Debug|Any CPU.Build.0 = Debug|Any CPU
		{FE92DBC6-DE23-4A66-9FB4-18EF32B34A6E}.Release|Any CPU.ActiveCfg = Release|Any CPU
		{FE92DBC6-DE23-4A66-9FB4-18EF32B34A6E}.Release|Any CPU.Build.0 = Release|Any CPU
		{13CEC642-C1E7-40BA-8926-305A1B0A09C7}.Debug|Any CPU.ActiveCfg = Debug|Any CPU
		{13CEC642-C1E7-40BA-8926-305A1B0A09C7}.Debug|Any CPU.Build.0 = Debug|Any CPU
		{13CEC642-C1E7-40BA-8926-305A1B0A09C7}.Release|Any CPU.ActiveCfg = Release|Any CPU
		{13CEC642-C1E7-40BA-8926-305A1B0A09C7}.Release|Any CPU.Build.0 = Release|Any CPU
		{2FF14577-B157-47DE-B0A7-A618CADAD8CB}.Debug|Any CPU.ActiveCfg = Debug|Any CPU
		{2FF14577-B157-47DE-B0A7-A618CADAD8CB}.Debug|Any CPU.Build.0 = Debug|Any CPU
		{2FF14577-B157-47DE-B0A7-A618CADAD8CB}.Release|Any CPU.ActiveCfg = Release|Any CPU
		{2FF14577-B157-47DE-B0A7-A618CADAD8CB}.Release|Any CPU.Build.0 = Release|Any CPU
		{A8F19A8B-2128-46B9-B991-C79892D2E7C0}.Debug|Any CPU.ActiveCfg = Debug|Any CPU
		{A8F19A8B-2128-46B9-B991-C79892D2E7C0}.Debug|Any CPU.Build.0 = Debug|Any CPU
		{A8F19A8B-2128-46B9-B991-C79892D2E7C0}.Release|Any CPU.ActiveCfg = Release|Any CPU
		{A8F19A8B-2128-46B9-B991-C79892D2E7C0}.Release|Any CPU.Build.0 = Release|Any CPU
		{7C4C0F74-6149-4AB7-84B2-F6C18E7224D0}.Debug|Any CPU.ActiveCfg = Debug|Any CPU
		{7C4C0F74-6149-4AB7-84B2-F6C18E7224D0}.Debug|Any CPU.Build.0 = Debug|Any CPU
		{7C4C0F74-6149-4AB7-84B2-F6C18E7224D0}.Release|Any CPU.ActiveCfg = Release|Any CPU
		{7C4C0F74-6149-4AB7-84B2-F6C18E7224D0}.Release|Any CPU.Build.0 = Release|Any CPU
		{67E9FCC7-39E8-477C-A776-978FFC0784BD}.Debug|Any CPU.ActiveCfg = Debug|Any CPU
		{67E9FCC7-39E8-477C-A776-978FFC0784BD}.Debug|Any CPU.Build.0 = Debug|Any CPU
		{67E9FCC7-39E8-477C-A776-978FFC0784BD}.Release|Any CPU.ActiveCfg = Release|Any CPU
		{67E9FCC7-39E8-477C-A776-978FFC0784BD}.Release|Any CPU.Build.0 = Release|Any CPU
		{96310328-3216-49BF-B958-81BB123EECD0}.Debug|Any CPU.ActiveCfg = Debug|Any CPU
		{96310328-3216-49BF-B958-81BB123EECD0}.Debug|Any CPU.Build.0 = Debug|Any CPU
		{96310328-3216-49BF-B958-81BB123EECD0}.Release|Any CPU.ActiveCfg = Release|Any CPU
		{96310328-3216-49BF-B958-81BB123EECD0}.Release|Any CPU.Build.0 = Release|Any CPU
	EndGlobalSection
	GlobalSection(SolutionProperties) = preSolution
		HideSolutionNode = FALSE
	EndGlobalSection
	GlobalSection(NestedProjects) = preSolution
		{66E5C1DF-06CC-455B-9CBE-45433712E65A} = {B0CA3981-960E-4C9B-AFB0-7949AB9EA8BF}
		{87C5B516-F63E-44E9-803F-83FC5ABA28B2} = {B0CA3981-960E-4C9B-AFB0-7949AB9EA8BF}
		{06A0FF76-0531-4FBF-AB57-D9723C1339B6} = {66E5C1DF-06CC-455B-9CBE-45433712E65A}
		{3698D8CD-BB6B-4D7E-91BC-5276BBBDE3FE} = {66E5C1DF-06CC-455B-9CBE-45433712E65A}
		{FE92DBC6-DE23-4A66-9FB4-18EF32B34A6E} = {66E5C1DF-06CC-455B-9CBE-45433712E65A}
		{13CEC642-C1E7-40BA-8926-305A1B0A09C7} = {87C5B516-F63E-44E9-803F-83FC5ABA28B2}
		{2FF14577-B157-47DE-B0A7-A618CADAD8CB} = {87C5B516-F63E-44E9-803F-83FC5ABA28B2}
		{A8F19A8B-2128-46B9-B991-C79892D2E7C0} = {87C5B516-F63E-44E9-803F-83FC5ABA28B2}
		{7C4C0F74-6149-4AB7-84B2-F6C18E7224D0} = {87C5B516-F63E-44E9-803F-83FC5ABA28B2}
	EndGlobalSection
	GlobalSection(ExtensibilityGlobals) = postSolution
		SolutionGuid = {C44A57C5-455B-4780-99D3-B1063694980F}
	EndGlobalSection
EndGlobal
