
Microsoft Visual Studio Solution File, Format Version 12.00
# Visual Studio Version 17
VisualStudioVersion = 17.9.34728.123
MinimumVisualStudioVersion = 10.0.40219.1
Project("{9A19103F-16F7-4668-BE54-9A1E7A4F7556}") = "NovelsCollector.Core", "NovelsCollector.Core\NovelsCollector.Core.csproj", "{92D460B1-FEE2-4EC7-88F5-D975993EE2DC}"
EndProject
Project("{9A19103F-16F7-4668-BE54-9A1E7A4F7556}") = "NovelsCollector.SDK", "NovelsCollector.SDK\NovelsCollector.SDK.csproj", "{B29AA953-987B-4ED5-BD3A-29F6FC61E591}"
EndProject
Project("{2150E333-8FDC-42A3-9474-1A3956D46DE8}") = "NovelsCollector.Plugins", "NovelsCollector.Plugins", "{B0CA3981-960E-4C9B-AFB0-7949AB9EA8BF}"
EndProject
Project("{9A19103F-16F7-4668-BE54-9A1E7A4F7556}") = "Source.TruyenFullVn", "NovelsCollector.Plugins\Source.TruyenFullVn\Source.TruyenFullVn.csproj", "{9AA8221E-399A-4E8C-8224-F72B8E43E596}"
EndProject
Project("{9A19103F-16F7-4668-BE54-9A1E7A4F7556}") = "Source.TruyenTangThuVienVn", "NovelsCollector.Plugins\Source.TruyenTangThuVienVn\Source.TruyenTangThuVienVn.csproj", "{73118520-8C22-4F8B-9DC4-B525FCD962B6}"
EndProject
Project("{9A19103F-16F7-4668-BE54-9A1E7A4F7556}") = "Source.SSTruyenVn", "NovelsCollector.Plugins\Source.SSTruyenVn\Source.SSTruyenVn.csproj", "{B9B8CE82-78C4-44FC-9DD3-B870ABCBB509}"
EndProject
Project("{9A19103F-16F7-4668-BE54-9A1E7A4F7556}") = "Source.DTruyenCom", "NovelsCollector.Plugins\Source.DTruyenCom\Source.DTruyenCom.csproj", "{7FC77612-90BC-4750-8213-D57A2B76A13C}"
EndProject
Project("{9A19103F-16F7-4668-BE54-9A1E7A4F7556}") = "Exporter.SimpleEPub", "NovelsCollector.Plugins\Exporter.SimpleEPub\Exporter.SimpleEPub.csproj", "{F0396C15-3834-4CD2-9D59-DDDE791C505F}"
EndProject
Project("{9A19103F-16F7-4668-BE54-9A1E7A4F7556}") = "Exporter.SimplePDF", "NovelsCollector.Plugins\Exporter.SimplePDF\Exporter.SimplePDF.csproj", "{5A8A9444-7F11-44E4-B936-C156012D817D}"
EndProject
Project("{FAE04EC0-301F-11D3-BF4B-00C04F79EFBC}") = "Exporter.SimpleMobi", "NovelsCollector.Plugins\Exporter.SimpleMobi\Exporter.SimpleMobi.csproj", "{EEE6872A-2E35-4A8B-A71D-93DDF91C73BD}"
EndProject
Global
	GlobalSection(SolutionConfigurationPlatforms) = preSolution
		Debug|Any CPU = Debug|Any CPU
		Release|Any CPU = Release|Any CPU
	EndGlobalSection
	GlobalSection(ProjectConfigurationPlatforms) = postSolution
		{92D460B1-FEE2-4EC7-88F5-D975993EE2DC}.Debug|Any CPU.ActiveCfg = Debug|Any CPU
		{92D460B1-FEE2-4EC7-88F5-D975993EE2DC}.Debug|Any CPU.Build.0 = Debug|Any CPU
		{92D460B1-FEE2-4EC7-88F5-D975993EE2DC}.Release|Any CPU.ActiveCfg = Release|Any CPU
		{92D460B1-FEE2-4EC7-88F5-D975993EE2DC}.Release|Any CPU.Build.0 = Release|Any CPU
		{B29AA953-987B-4ED5-BD3A-29F6FC61E591}.Debug|Any CPU.ActiveCfg = Debug|Any CPU
		{B29AA953-987B-4ED5-BD3A-29F6FC61E591}.Debug|Any CPU.Build.0 = Debug|Any CPU
		{B29AA953-987B-4ED5-BD3A-29F6FC61E591}.Release|Any CPU.ActiveCfg = Release|Any CPU
		{B29AA953-987B-4ED5-BD3A-29F6FC61E591}.Release|Any CPU.Build.0 = Release|Any CPU
		{9AA8221E-399A-4E8C-8224-F72B8E43E596}.Debug|Any CPU.ActiveCfg = Debug|Any CPU
		{9AA8221E-399A-4E8C-8224-F72B8E43E596}.Debug|Any CPU.Build.0 = Debug|Any CPU
		{9AA8221E-399A-4E8C-8224-F72B8E43E596}.Release|Any CPU.ActiveCfg = Release|Any CPU
		{9AA8221E-399A-4E8C-8224-F72B8E43E596}.Release|Any CPU.Build.0 = Release|Any CPU
		{73118520-8C22-4F8B-9DC4-B525FCD962B6}.Debug|Any CPU.ActiveCfg = Debug|Any CPU
		{73118520-8C22-4F8B-9DC4-B525FCD962B6}.Debug|Any CPU.Build.0 = Debug|Any CPU
		{73118520-8C22-4F8B-9DC4-B525FCD962B6}.Release|Any CPU.ActiveCfg = Release|Any CPU
		{73118520-8C22-4F8B-9DC4-B525FCD962B6}.Release|Any CPU.Build.0 = Release|Any CPU
		{B9B8CE82-78C4-44FC-9DD3-B870ABCBB509}.Debug|Any CPU.ActiveCfg = Debug|Any CPU
		{B9B8CE82-78C4-44FC-9DD3-B870ABCBB509}.Debug|Any CPU.Build.0 = Debug|Any CPU
		{B9B8CE82-78C4-44FC-9DD3-B870ABCBB509}.Release|Any CPU.ActiveCfg = Release|Any CPU
		{B9B8CE82-78C4-44FC-9DD3-B870ABCBB509}.Release|Any CPU.Build.0 = Release|Any CPU
		{7FC77612-90BC-4750-8213-D57A2B76A13C}.Debug|Any CPU.ActiveCfg = Debug|Any CPU
		{7FC77612-90BC-4750-8213-D57A2B76A13C}.Debug|Any CPU.Build.0 = Debug|Any CPU
		{7FC77612-90BC-4750-8213-D57A2B76A13C}.Release|Any CPU.ActiveCfg = Release|Any CPU
		{7FC77612-90BC-4750-8213-D57A2B76A13C}.Release|Any CPU.Build.0 = Release|Any CPU
		{F0396C15-3834-4CD2-9D59-DDDE791C505F}.Debug|Any CPU.ActiveCfg = Debug|Any CPU
		{F0396C15-3834-4CD2-9D59-DDDE791C505F}.Debug|Any CPU.Build.0 = Debug|Any CPU
		{F0396C15-3834-4CD2-9D59-DDDE791C505F}.Release|Any CPU.ActiveCfg = Release|Any CPU
		{F0396C15-3834-4CD2-9D59-DDDE791C505F}.Release|Any CPU.Build.0 = Release|Any CPU
		{5A8A9444-7F11-44E4-B936-C156012D817D}.Debug|Any CPU.ActiveCfg = Debug|Any CPU
		{5A8A9444-7F11-44E4-B936-C156012D817D}.Debug|Any CPU.Build.0 = Debug|Any CPU
		{5A8A9444-7F11-44E4-B936-C156012D817D}.Release|Any CPU.ActiveCfg = Release|Any CPU
		{5A8A9444-7F11-44E4-B936-C156012D817D}.Release|Any CPU.Build.0 = Release|Any CPU
		{EEE6872A-2E35-4A8B-A71D-93DDF91C73BD}.Debug|Any CPU.ActiveCfg = Debug|Any CPU
		{EEE6872A-2E35-4A8B-A71D-93DDF91C73BD}.Debug|Any CPU.Build.0 = Debug|Any CPU
		{EEE6872A-2E35-4A8B-A71D-93DDF91C73BD}.Release|Any CPU.ActiveCfg = Release|Any CPU
		{EEE6872A-2E35-4A8B-A71D-93DDF91C73BD}.Release|Any CPU.Build.0 = Release|Any CPU
	EndGlobalSection
	GlobalSection(SolutionProperties) = preSolution
		HideSolutionNode = FALSE
	EndGlobalSection
	GlobalSection(NestedProjects) = preSolution
		{9AA8221E-399A-4E8C-8224-F72B8E43E596} = {B0CA3981-960E-4C9B-AFB0-7949AB9EA8BF}
		{73118520-8C22-4F8B-9DC4-B525FCD962B6} = {B0CA3981-960E-4C9B-AFB0-7949AB9EA8BF}
		{B9B8CE82-78C4-44FC-9DD3-B870ABCBB509} = {B0CA3981-960E-4C9B-AFB0-7949AB9EA8BF}
		{7FC77612-90BC-4750-8213-D57A2B76A13C} = {B0CA3981-960E-4C9B-AFB0-7949AB9EA8BF}
		{F0396C15-3834-4CD2-9D59-DDDE791C505F} = {B0CA3981-960E-4C9B-AFB0-7949AB9EA8BF}
		{5A8A9444-7F11-44E4-B936-C156012D817D} = {B0CA3981-960E-4C9B-AFB0-7949AB9EA8BF}
		{EEE6872A-2E35-4A8B-A71D-93DDF91C73BD} = {B0CA3981-960E-4C9B-AFB0-7949AB9EA8BF}
	EndGlobalSection
	GlobalSection(ExtensibilityGlobals) = postSolution
		SolutionGuid = {C44A57C5-455B-4780-99D3-B1063694980F}
	EndGlobalSection
EndGlobal
