
Microsoft Visual Studio Solution File, Format Version 12.00
# Visual Studio Version 17
VisualStudioVersion = 17.9.34728.123
MinimumVisualStudioVersion = 10.0.40219.1
Project("{FAE04EC0-301F-11D3-BF4B-00C04F79EFBC}") = "NovelsCollector.Core", "NovelsCollector.Core\NovelsCollector.Core.csproj", "{92D460B1-FEE2-4EC7-88F5-D975993EE2DC}"
EndProject
Global
	GlobalSection(SolutionConfigurationPlatforms) = preSolution
		Debug|Any CPU = Debug|Any CPU
		Release|Any CPU = Release|Any CPU
	EndGlobalSection
	GlobalSection(ProjectConfigurationPlatforms) = postSolution
		{92D460B1-FEE2-4EC7-88F5-D975993EE2DC}.Debug|Any CPU.ActiveCfg = Debug|Any CPU
		{92D460B1-FEE2-4EC7-88F5-D975993EE2DC}.Debug|Any CPU.Build.0 = Debug|Any CPU
		{92D460B1-FEE2-4EC7-88F5-D975993EE2DC}.Release|Any CPU.ActiveCfg = Release|Any CPU
		{92D460B1-FEE2-4EC7-88F5-D975993EE2DC}.Release|Any CPU.Build.0 = Release|Any CPU
	EndGlobalSection
	GlobalSection(SolutionProperties) = preSolution
		HideSolutionNode = FALSE
	EndGlobalSection
	GlobalSection(ExtensibilityGlobals) = postSolution
		SolutionGuid = {C44A57C5-455B-4780-99D3-B1063694980F}
	EndGlobalSection
EndGlobal
