
Microsoft Visual Studio Solution File, Format Version 12.00
# Visual Studio Version 17
VisualStudioVersion = 17.9.34728.123
MinimumVisualStudioVersion = 10.0.40219.1
Project("{9A19103F-16F7-4668-BE54-9A1E7A4F7556}") = "NovelsCollector.SDK", "NovelsCollector.SDK\NovelsCollector.SDK.csproj", "{5817564B-AC0F-46BA-96FE-596EC679FB7E}"
EndProject
Project("{2150E333-8FDC-42A3-9474-1A3956D46DE8}") = "NovelsCollector.Templates", "NovelsCollector.Templates", "{95B3CC27-0825-4B5A-A70A-14FBF18F9BFB}"
EndProject
Project("{9A19103F-16F7-4668-BE54-9A1E7A4F7556}") = "Exporter.TemplatePlugin", "NovelsCollector.Templates\Exporter.TemplatePlugin\Exporter.TemplatePlugin.csproj", "{797BC3F1-1907-4A69-990A-622D628B0556}"
EndProject
Project("{9A19103F-16F7-4668-BE54-9A1E7A4F7556}") = "Source.TemplatePlugin", "NovelsCollector.Templates\Source.TemplatePlugin\Source.TemplatePlugin.csproj", "{927E5747-B1AA-417E-8382-27A6498FF0F0}"
EndProject
Global
	GlobalSection(SolutionConfigurationPlatforms) = preSolution
		Debug|Any CPU = Debug|Any CPU
		Release|Any CPU = Release|Any CPU
	EndGlobalSection
	GlobalSection(ProjectConfigurationPlatforms) = postSolution
		{5817564B-AC0F-46BA-96FE-596EC679FB7E}.Debug|Any CPU.ActiveCfg = Debug|Any CPU
		{5817564B-AC0F-46BA-96FE-596EC679FB7E}.Debug|Any CPU.Build.0 = Debug|Any CPU
		{5817564B-AC0F-46BA-96FE-596EC679FB7E}.Release|Any CPU.ActiveCfg = Release|Any CPU
		{5817564B-AC0F-46BA-96FE-596EC679FB7E}.Release|Any CPU.Build.0 = Release|Any CPU
		{797BC3F1-1907-4A69-990A-622D628B0556}.Debug|Any CPU.ActiveCfg = Debug|Any CPU
		{797BC3F1-1907-4A69-990A-622D628B0556}.Debug|Any CPU.Build.0 = Debug|Any CPU
		{797BC3F1-1907-4A69-990A-622D628B0556}.Release|Any CPU.ActiveCfg = Release|Any CPU
		{797BC3F1-1907-4A69-990A-622D628B0556}.Release|Any CPU.Build.0 = Release|Any CPU
		{927E5747-B1AA-417E-8382-27A6498FF0F0}.Debug|Any CPU.ActiveCfg = Debug|Any CPU
		{927E5747-B1AA-417E-8382-27A6498FF0F0}.Debug|Any CPU.Build.0 = Debug|Any CPU
		{927E5747-B1AA-417E-8382-27A6498FF0F0}.Release|Any CPU.ActiveCfg = Release|Any CPU
		{927E5747-B1AA-417E-8382-27A6498FF0F0}.Release|Any CPU.Build.0 = Release|Any CPU
	EndGlobalSection
	GlobalSection(SolutionProperties) = preSolution
		HideSolutionNode = FALSE
	EndGlobalSection
	GlobalSection(NestedProjects) = preSolution
		{797BC3F1-1907-4A69-990A-622D628B0556} = {95B3CC27-0825-4B5A-A70A-14FBF18F9BFB}
		{927E5747-B1AA-417E-8382-27A6498FF0F0} = {95B3CC27-0825-4B5A-A70A-14FBF18F9BFB}
	EndGlobalSection
	GlobalSection(ExtensibilityGlobals) = postSolution
		SolutionGuid = {1E4A7559-672B-4B98-8E3E-E0DD38AB50AA}
	EndGlobalSection
EndGlobal
